# generated by rye
# use `rye lock` or `rye sync` to update this lockfile
#
# last locked with the following flags:
#   pre: false
#   features: []
#   all-features: false
#   with-sources: false
#   generate-hashes: false
#   universal: false

-e file:.
altair==5.4.1
    # via genspn
appnope==0.1.4
    # via ipykernel
asttokens==2.4.1
    # via stack-data
attrs==24.2.0
    # via jsonschema
    # via referencing
beartype==0.19.0
    # via plum-dispatch
cachetools==5.5.0
    # via google-auth
certifi==2024.8.30
    # via requests
charset-normalizer==3.4.0
    # via requests
comm==0.2.2
    # via ipykernel
debugpy==1.8.7
    # via ipykernel
decorator==5.1.1
    # via ipdb
    # via ipython
equinox==0.11.7
    # via genspn
executing==2.1.0
    # via stack-data
filelock==3.16.1
    # via huggingface-hub
fsspec==2024.9.0
    # via huggingface-hub
google-auth==2.35.0
    # via keyrings-google-artifactregistry-auth
huggingface-hub==0.25.2
    # via genspn
idna==3.10
    # via requests
ipdb==0.13.13
    # via genspn
ipykernel==6.29.5
    # via genspn
ipython==8.28.0
    # via ipdb
    # via ipykernel
jaraco-classes==3.4.0
    # via keyring
jaraco-context==6.0.1
    # via keyring
jaraco-functools==4.1.0
    # via keyring
jax==0.4.34
    # via equinox
jaxlib==0.4.34
    # via jax
jaxtyping==0.2.34
    # via equinox
    # via genspn
jedi==0.19.1
    # via ipython
jinja2==3.1.4
    # via altair
jsonschema==4.23.0
    # via altair
jsonschema-specifications==2024.10.1
    # via jsonschema
jupyter-client==8.6.3
    # via ipykernel
jupyter-core==5.7.2
    # via ipykernel
    # via jupyter-client
keyring==25.4.1
    # via keyrings-google-artifactregistry-auth
keyrings-google-artifactregistry-auth==1.1.2
    # via genspn
markdown-it-py==3.0.0
    # via rich
markupsafe==3.0.1
    # via jinja2
matplotlib-inline==0.1.7
    # via ipykernel
    # via ipython
mdurl==0.1.2
    # via markdown-it-py
ml-dtypes==0.5.0
    # via jax
    # via jaxlib
more-itertools==10.5.0
    # via jaraco-classes
    # via jaraco-functools
narwhals==1.9.3
    # via altair
nest-asyncio==1.6.0
    # via ipykernel
numpy==2.1.2
    # via jax
    # via jaxlib
    # via ml-dtypes
    # via pyarrow
    # via scipy
opt-einsum==3.4.0
    # via jax
packaging==24.1
    # via altair
    # via huggingface-hub
    # via ipykernel
parso==0.8.4
    # via jedi
pexpect==4.9.0
    # via ipython
platformdirs==4.3.6
    # via jupyter-core
pluggy==1.5.0
    # via keyrings-google-artifactregistry-auth
plum-dispatch==2.5.2
    # via genspn
polars==1.9.0
    # via genspn
prompt-toolkit==3.0.48
    # via ipython
psutil==6.0.0
    # via ipykernel
ptyprocess==0.7.0
    # via pexpect
pure-eval==0.2.3
    # via stack-data
pyarrow==17.0.0
    # via genspn
pyasn1==0.6.1
    # via pyasn1-modules
    # via rsa
pyasn1-modules==0.4.1
    # via google-auth
pygments==2.18.0
    # via ipython
    # via rich
python-dateutil==2.9.0.post0
    # via jupyter-client
pyyaml==6.0.2
    # via huggingface-hub
pyzmq==26.2.0
    # via ipykernel
    # via jupyter-client
referencing==0.35.1
    # via jsonschema
    # via jsonschema-specifications
requests==2.32.3
    # via huggingface-hub
    # via keyrings-google-artifactregistry-auth
rich==13.9.2
    # via plum-dispatch
rpds-py==0.20.0
    # via jsonschema
    # via referencing
rsa==4.9
    # via google-auth
safetensors==0.4.5
    # via genspn
scipy==1.14.1
    # via jax
    # via jaxlib
six==1.16.0
    # via asttokens
    # via python-dateutil
stack-data==0.6.3
    # via ipython
tornado==6.4.1
    # via ipykernel
    # via jupyter-client
tqdm==4.66.5
    # via huggingface-hub
traitlets==5.14.3
    # via comm
    # via ipykernel
    # via ipython
    # via jupyter-client
    # via jupyter-core
    # via matplotlib-inline
typeguard==2.13.3
    # via jaxtyping
typing-extensions==4.12.2
    # via altair
    # via equinox
    # via huggingface-hub
    # via plum-dispatch
urllib3==2.2.3
    # via requests
wcwidth==0.2.13
    # via prompt-toolkit
